
Microsoft Visual Studio Solution File, Format Version 12.00
# Visual Studio Version 17
VisualStudioVersion = 17.0.31903.59
MinimumVisualStudioVersion = 10.0.40219.1
Project("{2150E333-8FDC-42A3-9474-1A3956D46DE8}") = "src", "src", "{827E0CD3-B72D-47B6-A68D-7590B98EB39B}"
EndProject
Project("{FAE04EC0-301F-11D3-BF4B-00C04F79EFBC}") = "Communication.Abstractions", "src\Communication.Abstractions\Communication.Abstractions.csproj", "{95D2159B-2A30-4B65-B200-D21D8ABC8E4B}"
EndProject
Project("{FAE04EC0-301F-11D3-BF4B-00C04F79EFBC}") = "Communication.Adapters", "src\Communication.Adapters\Communication.Adapters.csproj", "{54BF485B-76C4-4249-97BC-AEC84662ED5C}"
EndProject
Project("{FAE04EC0-301F-11D3-BF4B-00C04F79EFBC}") = "Communication.Core", "src\Communication.Core\Communication.Core.csproj", "{C6122816-7995-41D7-ABDB-677CF9B9C9FF}"
EndProject
Project("{FAE04EC0-301F-11D3-BF4B-00C04F79EFBC}") = "Communication.DependencyInjection", "src\Communication.DependencyInjection\Communication.DependencyInjection.csproj", "{A34C6A36-6CD8-4A2A-BCD9-30C2EB17745C}"
EndProject
Project("{FAE04EC0-301F-11D3-BF4B-00C04F79EFBC}") = "Communication.Protocols.Mc", "src\Communication.Protocols.Mc\Communication.Protocols.Mc.csproj", "{2F4CDF0F-EC92-41E6-9EC0-1EAD16B235A2}"
EndProject
Project("{FAE04EC0-301F-11D3-BF4B-00C04F79EFBC}") = "Communication.Protocols.Modbus", "src\Communication.Protocols.Modbus\Communication.Protocols.Modbus.csproj", "{2F1714BD-59E1-4D4F-80A6-07B7C7D8F8F0}"
EndProject
Project("{FAE04EC0-301F-11D3-BF4B-00C04F79EFBC}") = "Communication.Protocols.OpcUa", "src\Communication.Protocols.OpcUa\Communication.Protocols.OpcUa.csproj", "{3FF42213-8288-45E3-A524-E03BCFFCB059}"
EndProject
Project("{FAE04EC0-301F-11D3-BF4B-00C04F79EFBC}") = "Communication.Protocols.S7", "src\Communication.Protocols.S7\Communication.Protocols.S7.csproj", "{BDA0AB80-E8FD-440F-BB04-3BF3F03FA7F7}"
EndProject
Project("{FAE04EC0-301F-11D3-BF4B-00C04F79EFBC}") = "Communication.Transports", "src\Communication.Transports\Communication.Transports.csproj", "{D727224C-4258-4A5C-AA84-D4CFFB43C512}"
EndProject
Project("{2150E333-8FDC-42A3-9474-1A3956D46DE8}") = "tests", "tests", "{0AB3BF05-4346-4AA6-1389-037BE0695223}"
EndProject
Project("{FAE04EC0-301F-11D3-BF4B-00C04F79EFBC}") = "Communication.IntegrationTests", "tests\Communication.IntegrationTests\Communication.IntegrationTests.csproj", "{E28564A9-1ADE-4575-822D-4C66CA4A7ADA}"
EndProject
Project("{FAE04EC0-301F-11D3-BF4B-00C04F79EFBC}") = "Communication.ProtocolTests", "tests\Communication.ProtocolTests\Communication.ProtocolTests.csproj", "{C085013A-6490-461F-BB81-690B4F1DB4AC}"
EndProject
Project("{FAE04EC0-301F-11D3-BF4B-00C04F79EFBC}") = "Communication.UnitTests", "tests\Communication.UnitTests\Communication.UnitTests.csproj", "{14946E16-F29A-4A90-A5C0-BC8FBDB6BB23}"
EndProject
Project("{2150E333-8FDC-42A3-9474-1A3956D46DE8}") = "samples", "samples", "{5D20AA90-6969-D8BD-9DCD-8634F4692FDA}"
EndProject
Project("{FAE04EC0-301F-11D3-BF4B-00C04F79EFBC}") = "BasicClient", "samples\BasicClient\BasicClient.csproj", "{8F09A3C7-DCBC-4BEA-8781-418CF821D0CC}"
EndProject
Project("{FAE04EC0-301F-11D3-BF4B-00C04F79EFBC}") = "PlcVariableMonitor", "samples\PlcVariableMonitor\PlcVariableMonitor.csproj", "{BAE6C834-BF6A-4838-BCD8-7BCB38460536}"
EndProject
Project("{FAE04EC0-301F-11D3-BF4B-00C04F79EFBC}") = "ServerAndSimulator", "samples\ServerAndSimulator\ServerAndSimulator.csproj", "{8B6BEA7F-E456-4890-8E0A-902E8B5CA8B3}"
EndProject
Project("{FAE04EC0-301F-11D3-BF4B-00C04F79EFBC}") = "OpcUaAndDevices", "samples\OpcUaAndDevices\OpcUaAndDevices.csproj", "{20CA4203-7EE4-4F44-9724-6F8EEFA427D6}"
EndProject
Project("{2150E333-8FDC-42A3-9474-1A3956D46DE8}") = "tools", "tools", "{07C2787E-EAC7-C090-1BA3-A61EC2A24D84}"
EndProject
Project("{FAE04EC0-301F-11D3-BF4B-00C04F79EFBC}") = "ApiSurface", "tools\ApiSurface\ApiSurface.csproj", "{CC4A11BC-EA3E-4770-BA2C-C28D866E3E4E}"
EndProject
Project("{FAE04EC0-301F-11D3-BF4B-00C04F79EFBC}") = "PackageIconGenerator", "tools\PackageIconGenerator\PackageIconGenerator.csproj", "{9E0E42C6-C0B2-486A-8359-C2DBA7CEB0B6}"
EndProject
Global
	GlobalSection(SolutionConfigurationPlatforms) = preSolution
		Debug|Any CPU = Debug|Any CPU
		Debug|x64 = Debug|x64
		Debug|x86 = Debug|x86
		Release|Any CPU = Release|Any CPU
		Release|x64 = Release|x64
		Release|x86 = Release|x86
	EndGlobalSection
	GlobalSection(ProjectConfigurationPlatforms) = postSolution
		{95D2159B-2A30-4B65-B200-D21D8ABC8E4B}.Debug|Any CPU.ActiveCfg = Debug|Any CPU
		{95D2159B-2A30-4B65-B200-D21D8ABC8E4B}.Debug|Any CPU.Build.0 = Debug|Any CPU
		{95D2159B-2A30-4B65-B200-D21D8ABC8E4B}.Debug|x64.ActiveCfg = Debug|Any CPU
		{95D2159B-2A30-4B65-B200-D21D8ABC8E4B}.Debug|x64.Build.0 = Debug|Any CPU
		{95D2159B-2A30-4B65-B200-D21D8ABC8E4B}.Debug|x86.ActiveCfg = Debug|Any CPU
		{95D2159B-2A30-4B65-B200-D21D8ABC8E4B}.Debug|x86.Build.0 = Debug|Any CPU
		{95D2159B-2A30-4B65-B200-D21D8ABC8E4B}.Release|Any CPU.ActiveCfg = Release|Any CPU
		{95D2159B-2A30-4B65-B200-D21D8ABC8E4B}.Release|Any CPU.Build.0 = Release|Any CPU
		{95D2159B-2A30-4B65-B200-D21D8ABC8E4B}.Release|x64.ActiveCfg = Release|Any CPU
		{95D2159B-2A30-4B65-B200-D21D8ABC8E4B}.Release|x64.Build.0 = Release|Any CPU
		{95D2159B-2A30-4B65-B200-D21D8ABC8E4B}.Release|x86.ActiveCfg = Release|Any CPU
		{95D2159B-2A30-4B65-B200-D21D8ABC8E4B}.Release|x86.Build.0 = Release|Any CPU
		{54BF485B-76C4-4249-97BC-AEC84662ED5C}.Debug|Any CPU.ActiveCfg = Debug|Any CPU
		{54BF485B-76C4-4249-97BC-AEC84662ED5C}.Debug|Any CPU.Build.0 = Debug|Any CPU
		{54BF485B-76C4-4249-97BC-AEC84662ED5C}.Debug|x64.ActiveCfg = Debug|Any CPU
		{54BF485B-76C4-4249-97BC-AEC84662ED5C}.Debug|x64.Build.0 = Debug|Any CPU
		{54BF485B-76C4-4249-97BC-AEC84662ED5C}.Debug|x86.ActiveCfg = Debug|Any CPU
		{54BF485B-76C4-4249-97BC-AEC84662ED5C}.Debug|x86.Build.0 = Debug|Any CPU
		{54BF485B-76C4-4249-97BC-AEC84662ED5C}.Release|Any CPU.ActiveCfg = Release|Any CPU
		{54BF485B-76C4-4249-97BC-AEC84662ED5C}.Release|Any CPU.Build.0 = Release|Any CPU
		{54BF485B-76C4-4249-97BC-AEC84662ED5C}.Release|x64.ActiveCfg = Release|Any CPU
		{54BF485B-76C4-4249-97BC-AEC84662ED5C}.Release|x64.Build.0 = Release|Any CPU
		{54BF485B-76C4-4249-97BC-AEC84662ED5C}.Release|x86.ActiveCfg = Release|Any CPU
		{54BF485B-76C4-4249-97BC-AEC84662ED5C}.Release|x86.Build.0 = Release|Any CPU
		{C6122816-7995-41D7-ABDB-677CF9B9C9FF}.Debug|Any CPU.ActiveCfg = Debug|Any CPU
		{C6122816-7995-41D7-ABDB-677CF9B9C9FF}.Debug|Any CPU.Build.0 = Debug|Any CPU
		{C6122816-7995-41D7-ABDB-677CF9B9C9FF}.Debug|x64.ActiveCfg = Debug|Any CPU
		{C6122816-7995-41D7-ABDB-677CF9B9C9FF}.Debug|x64.Build.0 = Debug|Any CPU
		{C6122816-7995-41D7-ABDB-677CF9B9C9FF}.Debug|x86.ActiveCfg = Debug|Any CPU
		{C6122816-7995-41D7-ABDB-677CF9B9C9FF}.Debug|x86.Build.0 = Debug|Any CPU
		{C6122816-7995-41D7-ABDB-677CF9B9C9FF}.Release|Any CPU.ActiveCfg = Release|Any CPU
		{C6122816-7995-41D7-ABDB-677CF9B9C9FF}.Release|Any CPU.Build.0 = Release|Any CPU
		{C6122816-7995-41D7-ABDB-677CF9B9C9FF}.Release|x64.ActiveCfg = Release|Any CPU
		{C6122816-7995-41D7-ABDB-677CF9B9C9FF}.Release|x64.Build.0 = Release|Any CPU
		{C6122816-7995-41D7-ABDB-677CF9B9C9FF}.Release|x86.ActiveCfg = Release|Any CPU
		{C6122816-7995-41D7-ABDB-677CF9B9C9FF}.Release|x86.Build.0 = Release|Any CPU
		{A34C6A36-6CD8-4A2A-BCD9-30C2EB17745C}.Debug|Any CPU.ActiveCfg = Debug|Any CPU
		{A34C6A36-6CD8-4A2A-BCD9-30C2EB17745C}.Debug|Any CPU.Build.0 = Debug|Any CPU
		{A34C6A36-6CD8-4A2A-BCD9-30C2EB17745C}.Debug|x64.ActiveCfg = Debug|Any CPU
		{A34C6A36-6CD8-4A2A-BCD9-30C2EB17745C}.Debug|x64.Build.0 = Debug|Any CPU
		{A34C6A36-6CD8-4A2A-BCD9-30C2EB17745C}.Debug|x86.ActiveCfg = Debug|Any CPU
		{A34C6A36-6CD8-4A2A-BCD9-30C2EB17745C}.Debug|x86.Build.0 = Debug|Any CPU
		{A34C6A36-6CD8-4A2A-BCD9-30C2EB17745C}.Release|Any CPU.ActiveCfg = Release|Any CPU
		{A34C6A36-6CD8-4A2A-BCD9-30C2EB17745C}.Release|Any CPU.Build.0 = Release|Any CPU
		{A34C6A36-6CD8-4A2A-BCD9-30C2EB17745C}.Release|x64.ActiveCfg = Release|Any CPU
		{A34C6A36-6CD8-4A2A-BCD9-30C2EB17745C}.Release|x64.Build.0 = Release|Any CPU
		{A34C6A36-6CD8-4A2A-BCD9-30C2EB17745C}.Release|x86.ActiveCfg = Release|Any CPU
		{A34C6A36-6CD8-4A2A-BCD9-30C2EB17745C}.Release|x86.Build.0 = Release|Any CPU
		{2F4CDF0F-EC92-41E6-9EC0-1EAD16B235A2}.Debug|Any CPU.ActiveCfg = Debug|Any CPU
		{2F4CDF0F-EC92-41E6-9EC0-1EAD16B235A2}.Debug|Any CPU.Build.0 = Debug|Any CPU
		{2F4CDF0F-EC92-41E6-9EC0-1EAD16B235A2}.Debug|x64.ActiveCfg = Debug|Any CPU
		{2F4CDF0F-EC92-41E6-9EC0-1EAD16B235A2}.Debug|x64.Build.0 = Debug|Any CPU
		{2F4CDF0F-EC92-41E6-9EC0-1EAD16B235A2}.Debug|x86.ActiveCfg = Debug|Any CPU
		{2F4CDF0F-EC92-41E6-9EC0-1EAD16B235A2}.Debug|x86.Build.0 = Debug|Any CPU
		{2F4CDF0F-EC92-41E6-9EC0-1EAD16B235A2}.Release|Any CPU.ActiveCfg = Release|Any CPU
		{2F4CDF0F-EC92-41E6-9EC0-1EAD16B235A2}.Release|Any CPU.Build.0 = Release|Any CPU
		{2F4CDF0F-EC92-41E6-9EC0-1EAD16B235A2}.Release|x64.ActiveCfg = Release|Any CPU
		{2F4CDF0F-EC92-41E6-9EC0-1EAD16B235A2}.Release|x64.Build.0 = Release|Any CPU
		{2F4CDF0F-EC92-41E6-9EC0-1EAD16B235A2}.Release|x86.ActiveCfg = Release|Any CPU
		{2F4CDF0F-EC92-41E6-9EC0-1EAD16B235A2}.Release|x86.Build.0 = Release|Any CPU
		{2F1714BD-59E1-4D4F-80A6-07B7C7D8F8F0}.Debug|Any CPU.ActiveCfg = Debug|Any CPU
		{2F1714BD-59E1-4D4F-80A6-07B7C7D8F8F0}.Debug|Any CPU.Build.0 = Debug|Any CPU
		{2F1714BD-59E1-4D4F-80A6-07B7C7D8F8F0}.Debug|x64.ActiveCfg = Debug|Any CPU
		{2F1714BD-59E1-4D4F-80A6-07B7C7D8F8F0}.Debug|x64.Build.0 = Debug|Any CPU
		{2F1714BD-59E1-4D4F-80A6-07B7C7D8F8F0}.Debug|x86.ActiveCfg = Debug|Any CPU
		{2F1714BD-59E1-4D4F-80A6-07B7C7D8F8F0}.Debug|x86.Build.0 = Debug|Any CPU
		{2F1714BD-59E1-4D4F-80A6-07B7C7D8F8F0}.Release|Any CPU.ActiveCfg = Release|Any CPU
		{2F1714BD-59E1-4D4F-80A6-07B7C7D8F8F0}.Release|Any CPU.Build.0 = Release|Any CPU
		{2F1714BD-59E1-4D4F-80A6-07B7C7D8F8F0}.Release|x64.ActiveCfg = Release|Any CPU
		{2F1714BD-59E1-4D4F-80A6-07B7C7D8F8F0}.Release|x64.Build.0 = Release|Any CPU
		{2F1714BD-59E1-4D4F-80A6-07B7C7D8F8F0}.Release|x86.ActiveCfg = Release|Any CPU
		{2F1714BD-59E1-4D4F-80A6-07B7C7D8F8F0}.Release|x86.Build.0 = Release|Any CPU
		{3FF42213-8288-45E3-A524-E03BCFFCB059}.Debug|Any CPU.ActiveCfg = Debug|Any CPU
		{3FF42213-8288-45E3-A524-E03BCFFCB059}.Debug|Any CPU.Build.0 = Debug|Any CPU
		{3FF42213-8288-45E3-A524-E03BCFFCB059}.Debug|x64.ActiveCfg = Debug|Any CPU
		{3FF42213-8288-45E3-A524-E03BCFFCB059}.Debug|x64.Build.0 = Debug|Any CPU
		{3FF42213-8288-45E3-A524-E03BCFFCB059}.Debug|x86.ActiveCfg = Debug|Any CPU
		{3FF42213-8288-45E3-A524-E03BCFFCB059}.Debug|x86.Build.0 = Debug|Any CPU
		{3FF42213-8288-45E3-A524-E03BCFFCB059}.Release|Any CPU.ActiveCfg = Release|Any CPU
		{3FF42213-8288-45E3-A524-E03BCFFCB059}.Release|Any CPU.Build.0 = Release|Any CPU
		{3FF42213-8288-45E3-A524-E03BCFFCB059}.Release|x64.ActiveCfg = Release|Any CPU
		{3FF42213-8288-45E3-A524-E03BCFFCB059}.Release|x64.Build.0 = Release|Any CPU
		{3FF42213-8288-45E3-A524-E03BCFFCB059}.Release|x86.ActiveCfg = Release|Any CPU
		{3FF42213-8288-45E3-A524-E03BCFFCB059}.Release|x86.Build.0 = Release|Any CPU
		{BDA0AB80-E8FD-440F-BB04-3BF3F03FA7F7}.Debug|Any CPU.ActiveCfg = Debug|Any CPU
		{BDA0AB80-E8FD-440F-BB04-3BF3F03FA7F7}.Debug|Any CPU.Build.0 = Debug|Any CPU
		{BDA0AB80-E8FD-440F-BB04-3BF3F03FA7F7}.Debug|x64.ActiveCfg = Debug|Any CPU
		{BDA0AB80-E8FD-440F-BB04-3BF3F03FA7F7}.Debug|x64.Build.0 = Debug|Any CPU
		{BDA0AB80-E8FD-440F-BB04-3BF3F03FA7F7}.Debug|x86.ActiveCfg = Debug|Any CPU
		{BDA0AB80-E8FD-440F-BB04-3BF3F03FA7F7}.Debug|x86.Build.0 = Debug|Any CPU
		{BDA0AB80-E8FD-440F-BB04-3BF3F03FA7F7}.Release|Any CPU.ActiveCfg = Release|Any CPU
		{BDA0AB80-E8FD-440F-BB04-3BF3F03FA7F7}.Release|Any CPU.Build.0 = Release|Any CPU
		{BDA0AB80-E8FD-440F-BB04-3BF3F03FA7F7}.Release|x64.ActiveCfg = Release|Any CPU
		{BDA0AB80-E8FD-440F-BB04-3BF3F03FA7F7}.Release|x64.Build.0 = Release|Any CPU
		{BDA0AB80-E8FD-440F-BB04-3BF3F03FA7F7}.Release|x86.ActiveCfg = Release|Any CPU
		{BDA0AB80-E8FD-440F-BB04-3BF3F03FA7F7}.Release|x86.Build.0 = Release|Any CPU
		{D727224C-4258-4A5C-AA84-D4CFFB43C512}.Debug|Any CPU.ActiveCfg = Debug|Any CPU
		{D727224C-4258-4A5C-AA84-D4CFFB43C512}.Debug|Any CPU.Build.0 = Debug|Any CPU
		{D727224C-4258-4A5C-AA84-D4CFFB43C512}.Debug|x64.ActiveCfg = Debug|Any CPU
		{D727224C-4258-4A5C-AA84-D4CFFB43C512}.Debug|x64.Build.0 = Debug|Any CPU
		{D727224C-4258-4A5C-AA84-D4CFFB43C512}.Debug|x86.ActiveCfg = Debug|Any CPU
		{D727224C-4258-4A5C-AA84-D4CFFB43C512}.Debug|x86.Build.0 = Debug|Any CPU
		{D727224C-4258-4A5C-AA84-D4CFFB43C512}.Release|Any CPU.ActiveCfg = Release|Any CPU
		{D727224C-4258-4A5C-AA84-D4CFFB43C512}.Release|Any CPU.Build.0 = Release|Any CPU
		{D727224C-4258-4A5C-AA84-D4CFFB43C512}.Release|x64.ActiveCfg = Release|Any CPU
		{D727224C-4258-4A5C-AA84-D4CFFB43C512}.Release|x64.Build.0 = Release|Any CPU
		{D727224C-4258-4A5C-AA84-D4CFFB43C512}.Release|x86.ActiveCfg = Release|Any CPU
		{D727224C-4258-4A5C-AA84-D4CFFB43C512}.Release|x86.Build.0 = Release|Any CPU
		{E28564A9-1ADE-4575-822D-4C66CA4A7ADA}.Debug|Any CPU.ActiveCfg = Debug|Any CPU
		{E28564A9-1ADE-4575-822D-4C66CA4A7ADA}.Debug|Any CPU.Build.0 = Debug|Any CPU
		{E28564A9-1ADE-4575-822D-4C66CA4A7ADA}.Debug|x64.ActiveCfg = Debug|Any CPU
		{E28564A9-1ADE-4575-822D-4C66CA4A7ADA}.Debug|x64.Build.0 = Debug|Any CPU
		{E28564A9-1ADE-4575-822D-4C66CA4A7ADA}.Debug|x86.ActiveCfg = Debug|Any CPU
		{E28564A9-1ADE-4575-822D-4C66CA4A7ADA}.Debug|x86.Build.0 = Debug|Any CPU
		{E28564A9-1ADE-4575-822D-4C66CA4A7ADA}.Release|Any CPU.ActiveCfg = Release|Any CPU
		{E28564A9-1ADE-4575-822D-4C66CA4A7ADA}.Release|Any CPU.Build.0 = Release|Any CPU
		{E28564A9-1ADE-4575-822D-4C66CA4A7ADA}.Release|x64.ActiveCfg = Release|Any CPU
		{E28564A9-1ADE-4575-822D-4C66CA4A7ADA}.Release|x64.Build.0 = Release|Any CPU
		{E28564A9-1ADE-4575-822D-4C66CA4A7ADA}.Release|x86.ActiveCfg = Release|Any CPU
		{E28564A9-1ADE-4575-822D-4C66CA4A7ADA}.Release|x86.Build.0 = Release|Any CPU
		{C085013A-6490-461F-BB81-690B4F1DB4AC}.Debug|Any CPU.ActiveCfg = Debug|Any CPU
		{C085013A-6490-461F-BB81-690B4F1DB4AC}.Debug|Any CPU.Build.0 = Debug|Any CPU
		{C085013A-6490-461F-BB81-690B4F1DB4AC}.Debug|x64.ActiveCfg = Debug|Any CPU
		{C085013A-6490-461F-BB81-690B4F1DB4AC}.Debug|x64.Build.0 = Debug|Any CPU
		{C085013A-6490-461F-BB81-690B4F1DB4AC}.Debug|x86.ActiveCfg = Debug|Any CPU
		{C085013A-6490-461F-BB81-690B4F1DB4AC}.Debug|x86.Build.0 = Debug|Any CPU
		{C085013A-6490-461F-BB81-690B4F1DB4AC}.Release|Any CPU.ActiveCfg = Release|Any CPU
		{C085013A-6490-461F-BB81-690B4F1DB4AC}.Release|Any CPU.Build.0 = Release|Any CPU
		{C085013A-6490-461F-BB81-690B4F1DB4AC}.Release|x64.ActiveCfg = Release|Any CPU
		{C085013A-6490-461F-BB81-690B4F1DB4AC}.Release|x64.Build.0 = Release|Any CPU
		{C085013A-6490-461F-BB81-690B4F1DB4AC}.Release|x86.ActiveCfg = Release|Any CPU
		{C085013A-6490-461F-BB81-690B4F1DB4AC}.Release|x86.Build.0 = Release|Any CPU
		{14946E16-F29A-4A90-A5C0-BC8FBDB6BB23}.Debug|Any CPU.ActiveCfg = Debug|Any CPU
		{14946E16-F29A-4A90-A5C0-BC8FBDB6BB23}.Debug|Any CPU.Build.0 = Debug|Any CPU
		{14946E16-F29A-4A90-A5C0-BC8FBDB6BB23}.Debug|x64.ActiveCfg = Debug|Any CPU
		{14946E16-F29A-4A90-A5C0-BC8FBDB6BB23}.Debug|x64.Build.0 = Debug|Any CPU
		{14946E16-F29A-4A90-A5C0-BC8FBDB6BB23}.Debug|x86.ActiveCfg = Debug|Any CPU
		{14946E16-F29A-4A90-A5C0-BC8FBDB6BB23}.Debug|x86.Build.0 = Debug|Any CPU
		{14946E16-F29A-4A90-A5C0-BC8FBDB6BB23}.Release|Any CPU.ActiveCfg = Release|Any CPU
		{14946E16-F29A-4A90-A5C0-BC8FBDB6BB23}.Release|Any CPU.Build.0 = Release|Any CPU
		{14946E16-F29A-4A90-A5C0-BC8FBDB6BB23}.Release|x64.ActiveCfg = Release|Any CPU
		{14946E16-F29A-4A90-A5C0-BC8FBDB6BB23}.Release|x64.Build.0 = Release|Any CPU
		{14946E16-F29A-4A90-A5C0-BC8FBDB6BB23}.Release|x86.ActiveCfg = Release|Any CPU
		{14946E16-F29A-4A90-A5C0-BC8FBDB6BB23}.Release|x86.Build.0 = Release|Any CPU
		{8F09A3C7-DCBC-4BEA-8781-418CF821D0CC}.Debug|Any CPU.ActiveCfg = Debug|Any CPU
		{8F09A3C7-DCBC-4BEA-8781-418CF821D0CC}.Debug|Any CPU.Build.0 = Debug|Any CPU
		{8F09A3C7-DCBC-4BEA-8781-418CF821D0CC}.Debug|x64.ActiveCfg = Debug|Any CPU
		{8F09A3C7-DCBC-4BEA-8781-418CF821D0CC}.Debug|x64.Build.0 = Debug|Any CPU
		{8F09A3C7-DCBC-4BEA-8781-418CF821D0CC}.Debug|x86.ActiveCfg = Debug|Any CPU
		{8F09A3C7-DCBC-4BEA-8781-418CF821D0CC}.Debug|x86.Build.0 = Debug|Any CPU
		{8F09A3C7-DCBC-4BEA-8781-418CF821D0CC}.Release|Any CPU.ActiveCfg = Release|Any CPU
		{8F09A3C7-DCBC-4BEA-8781-418CF821D0CC}.Release|Any CPU.Build.0 = Release|Any CPU
		{8F09A3C7-DCBC-4BEA-8781-418CF821D0CC}.Release|x64.ActiveCfg = Release|Any CPU
		{8F09A3C7-DCBC-4BEA-8781-418CF821D0CC}.Release|x64.Build.0 = Release|Any CPU
		{8F09A3C7-DCBC-4BEA-8781-418CF821D0CC}.Release|x86.ActiveCfg = Release|Any CPU
		{8F09A3C7-DCBC-4BEA-8781-418CF821D0CC}.Release|x86.Build.0 = Release|Any CPU
		{BAE6C834-BF6A-4838-BCD8-7BCB38460536}.Debug|Any CPU.ActiveCfg = Debug|Any CPU
		{BAE6C834-BF6A-4838-BCD8-7BCB38460536}.Debug|Any CPU.Build.0 = Debug|Any CPU
		{BAE6C834-BF6A-4838-BCD8-7BCB38460536}.Debug|x64.ActiveCfg = Debug|Any CPU
		{BAE6C834-BF6A-4838-BCD8-7BCB38460536}.Debug|x64.Build.0 = Debug|Any CPU
		{BAE6C834-BF6A-4838-BCD8-7BCB38460536}.Debug|x86.ActiveCfg = Debug|Any CPU
		{BAE6C834-BF6A-4838-BCD8-7BCB38460536}.Debug|x86.Build.0 = Debug|Any CPU
		{BAE6C834-BF6A-4838-BCD8-7BCB38460536}.Release|Any CPU.ActiveCfg = Release|Any CPU
		{BAE6C834-BF6A-4838-BCD8-7BCB38460536}.Release|Any CPU.Build.0 = Release|Any CPU
		{BAE6C834-BF6A-4838-BCD8-7BCB38460536}.Release|x64.ActiveCfg = Release|Any CPU
		{BAE6C834-BF6A-4838-BCD8-7BCB38460536}.Release|x64.Build.0 = Release|Any CPU
		{BAE6C834-BF6A-4838-BCD8-7BCB38460536}.Release|x86.ActiveCfg = Release|Any CPU
		{BAE6C834-BF6A-4838-BCD8-7BCB38460536}.Release|x86.Build.0 = Release|Any CPU
		{8B6BEA7F-E456-4890-8E0A-902E8B5CA8B3}.Debug|Any CPU.ActiveCfg = Debug|Any CPU
		{8B6BEA7F-E456-4890-8E0A-902E8B5CA8B3}.Debug|Any CPU.Build.0 = Debug|Any CPU
		{8B6BEA7F-E456-4890-8E0A-902E8B5CA8B3}.Debug|x64.ActiveCfg = Debug|Any CPU
		{8B6BEA7F-E456-4890-8E0A-902E8B5CA8B3}.Debug|x64.Build.0 = Debug|Any CPU
		{8B6BEA7F-E456-4890-8E0A-902E8B5CA8B3}.Debug|x86.ActiveCfg = Debug|Any CPU
		{8B6BEA7F-E456-4890-8E0A-902E8B5CA8B3}.Debug|x86.Build.0 = Debug|Any CPU
		{8B6BEA7F-E456-4890-8E0A-902E8B5CA8B3}.Release|Any CPU.ActiveCfg = Release|Any CPU
		{8B6BEA7F-E456-4890-8E0A-902E8B5CA8B3}.Release|Any CPU.Build.0 = Release|Any CPU
		{8B6BEA7F-E456-4890-8E0A-902E8B5CA8B3}.Release|x64.ActiveCfg = Release|Any CPU
		{8B6BEA7F-E456-4890-8E0A-902E8B5CA8B3}.Release|x64.Build.0 = Release|Any CPU
		{8B6BEA7F-E456-4890-8E0A-902E8B5CA8B3}.Release|x86.ActiveCfg = Release|Any CPU
		{8B6BEA7F-E456-4890-8E0A-902E8B5CA8B3}.Release|x86.Build.0 = Release|Any CPU
		{20CA4203-7EE4-4F44-9724-6F8EEFA427D6}.Debug|Any CPU.ActiveCfg = Debug|Any CPU
		{20CA4203-7EE4-4F44-9724-6F8EEFA427D6}.Debug|Any CPU.Build.0 = Debug|Any CPU
		{20CA4203-7EE4-4F44-9724-6F8EEFA427D6}.Debug|x64.ActiveCfg = Debug|Any CPU
		{20CA4203-7EE4-4F44-9724-6F8EEFA427D6}.Debug|x64.Build.0 = Debug|Any CPU
		{20CA4203-7EE4-4F44-9724-6F8EEFA427D6}.Debug|x86.ActiveCfg = Debug|Any CPU
		{20CA4203-7EE4-4F44-9724-6F8EEFA427D6}.Debug|x86.Build.0 = Debug|Any CPU
		{20CA4203-7EE4-4F44-9724-6F8EEFA427D6}.Release|Any CPU.ActiveCfg = Release|Any CPU
		{20CA4203-7EE4-4F44-9724-6F8EEFA427D6}.Release|Any CPU.Build.0 = Release|Any CPU
		{20CA4203-7EE4-4F44-9724-6F8EEFA427D6}.Release|x64.ActiveCfg = Release|Any CPU
		{20CA4203-7EE4-4F44-9724-6F8EEFA427D6}.Release|x64.Build.0 = Release|Any CPU
		{20CA4203-7EE4-4F44-9724-6F8EEFA427D6}.Release|x86.ActiveCfg = Release|Any CPU
		{20CA4203-7EE4-4F44-9724-6F8EEFA427D6}.Release|x86.Build.0 = Release|Any CPU
		{CC4A11BC-EA3E-4770-BA2C-C28D866E3E4E}.Debug|Any CPU.ActiveCfg = Debug|Any CPU
		{CC4A11BC-EA3E-4770-BA2C-C28D866E3E4E}.Debug|Any CPU.Build.0 = Debug|Any CPU
		{CC4A11BC-EA3E-4770-BA2C-C28D866E3E4E}.Debug|x64.ActiveCfg = Debug|Any CPU
		{CC4A11BC-EA3E-4770-BA2C-C28D866E3E4E}.Debug|x64.Build.0 = Debug|Any CPU
		{CC4A11BC-EA3E-4770-BA2C-C28D866E3E4E}.Debug|x86.ActiveCfg = Debug|Any CPU
		{CC4A11BC-EA3E-4770-BA2C-C28D866E3E4E}.Debug|x86.Build.0 = Debug|Any CPU
		{CC4A11BC-EA3E-4770-BA2C-C28D866E3E4E}.Release|Any CPU.ActiveCfg = Release|Any CPU
		{CC4A11BC-EA3E-4770-BA2C-C28D866E3E4E}.Release|Any CPU.Build.0 = Release|Any CPU
		{CC4A11BC-EA3E-4770-BA2C-C28D866E3E4E}.Release|x64.ActiveCfg = Release|Any CPU
		{CC4A11BC-EA3E-4770-BA2C-C28D866E3E4E}.Release|x64.Build.0 = Release|Any CPU
		{CC4A11BC-EA3E-4770-BA2C-C28D866E3E4E}.Release|x86.ActiveCfg = Release|Any CPU
		{CC4A11BC-EA3E-4770-BA2C-C28D866E3E4E}.Release|x86.Build.0 = Release|Any CPU
		{9E0E42C6-C0B2-486A-8359-C2DBA7CEB0B6}.Debug|Any CPU.ActiveCfg = Debug|Any CPU
		{9E0E42C6-C0B2-486A-8359-C2DBA7CEB0B6}.Debug|Any CPU.Build.0 = Debug|Any CPU
		{9E0E42C6-C0B2-486A-8359-C2DBA7CEB0B6}.Debug|x64.ActiveCfg = Debug|Any CPU
		{9E0E42C6-C0B2-486A-8359-C2DBA7CEB0B6}.Debug|x64.Build.0 = Debug|Any CPU
		{9E0E42C6-C0B2-486A-8359-C2DBA7CEB0B6}.Debug|x86.ActiveCfg = Debug|Any CPU
		{9E0E42C6-C0B2-486A-8359-C2DBA7CEB0B6}.Debug|x86.Build.0 = Debug|Any CPU
		{9E0E42C6-C0B2-486A-8359-C2DBA7CEB0B6}.Release|Any CPU.ActiveCfg = Release|Any CPU
		{9E0E42C6-C0B2-486A-8359-C2DBA7CEB0B6}.Release|Any CPU.Build.0 = Release|Any CPU
		{9E0E42C6-C0B2-486A-8359-C2DBA7CEB0B6}.Release|x64.ActiveCfg = Release|Any CPU
		{9E0E42C6-C0B2-486A-8359-C2DBA7CEB0B6}.Release|x64.Build.0 = Release|Any CPU
		{9E0E42C6-C0B2-486A-8359-C2DBA7CEB0B6}.Release|x86.ActiveCfg = Release|Any CPU
		{9E0E42C6-C0B2-486A-8359-C2DBA7CEB0B6}.Release|x86.Build.0 = Release|Any CPU
	EndGlobalSection
	GlobalSection(SolutionProperties) = preSolution
		HideSolutionNode = FALSE
	EndGlobalSection
	GlobalSection(NestedProjects) = preSolution
		{95D2159B-2A30-4B65-B200-D21D8ABC8E4B} = {827E0CD3-B72D-47B6-A68D-7590B98EB39B}
		{54BF485B-76C4-4249-97BC-AEC84662ED5C} = {827E0CD3-B72D-47B6-A68D-7590B98EB39B}
		{C6122816-7995-41D7-ABDB-677CF9B9C9FF} = {827E0CD3-B72D-47B6-A68D-7590B98EB39B}
		{A34C6A36-6CD8-4A2A-BCD9-30C2EB17745C} = {827E0CD3-B72D-47B6-A68D-7590B98EB39B}
		{2F4CDF0F-EC92-41E6-9EC0-1EAD16B235A2} = {827E0CD3-B72D-47B6-A68D-7590B98EB39B}
		{2F1714BD-59E1-4D4F-80A6-07B7C7D8F8F0} = {827E0CD3-B72D-47B6-A68D-7590B98EB39B}
		{3FF42213-8288-45E3-A524-E03BCFFCB059} = {827E0CD3-B72D-47B6-A68D-7590B98EB39B}
		{BDA0AB80-E8FD-440F-BB04-3BF3F03FA7F7} = {827E0CD3-B72D-47B6-A68D-7590B98EB39B}
		{D727224C-4258-4A5C-AA84-D4CFFB43C512} = {827E0CD3-B72D-47B6-A68D-7590B98EB39B}
		{E28564A9-1ADE-4575-822D-4C66CA4A7ADA} = {0AB3BF05-4346-4AA6-1389-037BE0695223}
		{C085013A-6490-461F-BB81-690B4F1DB4AC} = {0AB3BF05-4346-4AA6-1389-037BE0695223}
		{14946E16-F29A-4A90-A5C0-BC8FBDB6BB23} = {0AB3BF05-4346-4AA6-1389-037BE0695223}
		{8F09A3C7-DCBC-4BEA-8781-418CF821D0CC} = {5D20AA90-6969-D8BD-9DCD-8634F4692FDA}
		{BAE6C834-BF6A-4838-BCD8-7BCB38460536} = {5D20AA90-6969-D8BD-9DCD-8634F4692FDA}
		{8B6BEA7F-E456-4890-8E0A-902E8B5CA8B3} = {5D20AA90-6969-D8BD-9DCD-8634F4692FDA}
		{20CA4203-7EE4-4F44-9724-6F8EEFA427D6} = {5D20AA90-6969-D8BD-9DCD-8634F4692FDA}
		{CC4A11BC-EA3E-4770-BA2C-C28D866E3E4E} = {07C2787E-EAC7-C090-1BA3-A61EC2A24D84}
		{9E0E42C6-C0B2-486A-8359-C2DBA7CEB0B6} = {07C2787E-EAC7-C090-1BA3-A61EC2A24D84}
	EndGlobalSection
EndGlobal
